PODS:
  - CountrySelectorLib (0.1.15):
    - libPhoneNumber-iOS
  - libPhoneNumber-iOS (0.9.15)

DEPENDENCIES:
  - CountrySelectorLib (~> 0.1.15)

SPEC REPOS:
  trunk:
    - CountrySelectorLib
    - libPhoneNumber-iOS

SPEC CHECKSUMS:
  CountrySelectorLib: 8d92b7663bac4c8ef89161ac4d9e0e1e1136ce9a
  libPhoneNumber-iOS: 0a32a9525cf8744fe02c5206eb30d571e38f7d75

PODFILE CHECKSUM: b90cf2a5d4c74516767b01a74d2c02c796a8f5e1

COCOAPODS: 1.10.1
