// !$*UTF8*$!
{
	archiveVersion = 1;
	classes = {
	};
	objectVersion = 52;
	objects = {

/* Begin PBXBuildFile section */
		936C865A26A4DCD4006A9A1A /* AppDelegate.swift in Sources */ = {isa = PBXBuildFile; fileRef = 936C865926A4DCD4006A9A1A /* AppDelegate.swift */; };
		936C865C26A4DCD4006A9A1A /* SceneDelegate.swift in Sources */ = {isa = PBXBuildFile; fileRef = 936C865B26A4DCD4006A9A1A /* SceneDelegate.swift */; };
		936C865E26A4DCD4006A9A1A /* ViewController.swift in Sources */ = {isa = PBXBuildFile; fileRef = 936C865D26A4DCD4006A9A1A /* ViewController.swift */; };
		936C866126A4DCD4006A9A1A /* Main.storyboard in Resources */ = {isa = PBXBuildFile; fileRef = 936C865F26A4DCD4006A9A1A /* Main.storyboard */; };
		936C866326A4DCD5006A9A1A /* Assets.xcassets in Resources */ = {isa = PBXBuildFile; fileRef = 936C866226A4DCD5006A9A1A /* Assets.xcassets */; };
		936C866626A4DCD5006A9A1A /* LaunchScreen.storyboard in Resources */ = {isa = PBXBuildFile; fileRef = 936C866426A4DCD5006A9A1A /* LaunchScreen.storyboard */; };
		936C867026A770F5006A9A1A /* GoogleService-Info.plist in Resources */ = {isa = PBXBuildFile; fileRef = 936C866F26A770F5006A9A1A /* GoogleService-Info.plist */; };
		936C867326A7714F006A9A1A /* FirebaseFirestore in Frameworks */ = {isa = PBXBuildFile; productRef = 936C867226A7714F006A9A1A /* FirebaseFirestore */; };
		936C867526A7714F006A9A1A /* FirebaseDatabase in Frameworks */ = {isa = PBXBuildFile; productRef = 936C867426A7714F006A9A1A /* FirebaseDatabase */; };
		936C867726A7714F006A9A1A /* FirebaseAppCheck in Frameworks */ = {isa = PBXBuildFile; productRef = 936C867626A7714F006A9A1A /* FirebaseAppCheck */; };
		936C867926A7714F006A9A1A /* FirebaseAnalytics in Frameworks */ = {isa = PBXBuildFile; productRef = 936C867826A7714F006A9A1A /* FirebaseAnalytics */; };
		936C867B26A7714F006A9A1A /* FirebaseStorage in Frameworks */ = {isa = PBXBuildFile; productRef = 936C867A26A7714F006A9A1A /* FirebaseStorage */; };
		936C867D26A7714F006A9A1A /* FirebaseCrashlytics in Frameworks */ = {isa = PBXBuildFile; productRef = 936C867C26A7714F006A9A1A /* FirebaseCrashlytics */; };
		936C867F26A7714F006A9A1A /* FirebaseMessaging in Frameworks */ = {isa = PBXBuildFile; productRef = 936C867E26A7714F006A9A1A /* FirebaseMessaging */; };
		936C868126A7714F006A9A1A /* FirebaseAuth in Frameworks */ = {isa = PBXBuildFile; productRef = 936C868026A7714F006A9A1A /* FirebaseAuth */; };
/* End PBXBuildFile section */

/* Begin PBXFileReference section */
		936C865626A4DCD4006A9A1A /* Ordernise.app */ = {isa = PBXFileReference; explicitFileType = wrapper.application; includeInIndex = 0; path = Ordernise.app; sourceTree = BUILT_PRODUCTS_DIR; };
		936C865926A4DCD4006A9A1A /* AppDelegate.swift */ = {isa = PBXFileReference; lastKnownFileType = sourcecode.swift; path = AppDelegate.swift; sourceTree = "<group>"; };
		936C865B26A4DCD4006A9A1A /* SceneDelegate.swift */ = {isa = PBXFileReference; lastKnownFileType = sourcecode.swift; path = SceneDelegate.swift; sourceTree = "<group>"; };
		936C865D26A4DCD4006A9A1A /* ViewController.swift */ = {isa = PBXFileReference; lastKnownFileType = sourcecode.swift; path = ViewController.swift; sourceTree = "<group>"; };
		936C866026A4DCD4006A9A1A /* Base */ = {isa = PBXFileReference; lastKnownFileType = file.storyboard; name = Base; path = Base.lproj/Main.storyboard; sourceTree = "<group>"; };
		936C866226A4DCD5006A9A1A /* Assets.xcassets */ = {isa = PBXFileReference; lastKnownFileType = folder.assetcatalog; path = Assets.xcassets; sourceTree = "<group>"; };
		936C866526A4DCD5006A9A1A /* Base */ = {isa = PBXFileReference; lastKnownFileType = file.storyboard; name = Base; path = Base.lproj/LaunchScreen.storyboard; sourceTree = "<group>"; };
		936C866726A4DCD5006A9A1A /* Info.plist */ = {isa = PBXFileReference; lastKnownFileType = text.plist.xml; path = Info.plist; sourceTree = "<group>"; };
		936C866F26A770F5006A9A1A /* GoogleService-Info.plist */ = {isa = PBXFileReference; fileEncoding = 4; lastKnownFileType = text.plist.xml; path = "GoogleService-Info.plist"; sourceTree = "<group>"; };
/* End PBXFileReference section */

/* Begin PBXFrameworksBuildPhase section */
		936C865326A4DCD4006A9A1A /* Frameworks */ = {
			isa = PBXFrameworksBuildPhase;
			buildActionMask = 2147483647;
			files = (
				936C867526A7714F006A9A1A /* FirebaseDatabase in Frameworks */,
				936C867726A7714F006A9A1A /* FirebaseAppCheck in Frameworks */,
				936C867F26A7714F006A9A1A /* FirebaseMessaging in Frameworks */,
				936C867926A7714F006A9A1A /* FirebaseAnalytics in Frameworks */,
				936C867D26A7714F006A9A1A /* FirebaseCrashlytics in Frameworks */,
				936C867B26A7714F006A9A1A /* FirebaseStorage in Frameworks */,
				936C867326A7714F006A9A1A /* FirebaseFirestore in Frameworks */,
				936C868126A7714F006A9A1A /* FirebaseAuth in Frameworks */,
			);
			runOnlyForDeploymentPostprocessing = 0;
		};
/* End PBXFrameworksBuildPhase section */

/* Begin PBXGroup section */
		936C864D26A4DCD4006A9A1A = {
			isa = PBXGroup;
			children = (
				936C865826A4DCD4006A9A1A /* Ordernise */,
				936C865726A4DCD4006A9A1A /* Products */,
			);
			sourceTree = "<group>";
		};
		936C865726A4DCD4006A9A1A /* Products */ = {
			isa = PBXGroup;
			children = (
				936C865626A4DCD4006A9A1A /* Ordernise.app */,
			);
			name = Products;
			sourceTree = "<group>";
		};
		936C865826A4DCD4006A9A1A /* Ordernise */ = {
			isa = PBXGroup;
			children = (
				936C866F26A770F5006A9A1A /* GoogleService-Info.plist */,
				936C865926A4DCD4006A9A1A /* AppDelegate.swift */,
				936C865B26A4DCD4006A9A1A /* SceneDelegate.swift */,
				936C865D26A4DCD4006A9A1A /* ViewController.swift */,
				936C865F26A4DCD4006A9A1A /* Main.storyboard */,
				936C866226A4DCD5006A9A1A /* Assets.xcassets */,
				936C866426A4DCD5006A9A1A /* LaunchScreen.storyboard */,
				936C866726A4DCD5006A9A1A /* Info.plist */,
			);
			path = Ordernise;
			sourceTree = "<group>";
		};
/* End PBXGroup section */

/* Begin PBXNativeTarget section */
		936C865526A4DCD4006A9A1A /* Ordernise */ = {
			isa = PBXNativeTarget;
			buildConfigurationList = 936C866A26A4DCD5006A9A1A /* Build configuration list for PBXNativeTarget "Ordernise" */;
			buildPhases = (
				936C865226A4DCD4006A9A1A /* Sources */,
				936C865326A4DCD4006A9A1A /* Frameworks */,
				936C865426A4DCD4006A9A1A /* Resources */,
			);
			buildRules = (
			);
			dependencies = (
			);
			name = Ordernise;
			packageProductDependencies = (
				936C867226A7714F006A9A1A /* FirebaseFirestore */,
				936C867426A7714F006A9A1A /* FirebaseDatabase */,
				936C867626A7714F006A9A1A /* FirebaseAppCheck */,
				936C867826A7714F006A9A1A /* FirebaseAnalytics */,
				936C867A26A7714F006A9A1A /* FirebaseStorage */,
				936C867C26A7714F006A9A1A /* FirebaseCrashlytics */,
				936C867E26A7714F006A9A1A /* FirebaseMessaging */,
				936C868026A7714F006A9A1A /* FirebaseAuth */,
			);
			productName = Ordernise;
			productReference = 936C865626A4DCD4006A9A1A /* Ordernise.app */;
			productType = "com.apple.product-type.application";
		};
/* End PBXNativeTarget section */

/* Begin PBXProject section */
		936C864E26A4DCD4006A9A1A /* Project object */ = {
			isa = PBXProject;
			attributes = {
				LastSwiftUpdateCheck = 1250;
				LastUpgradeCheck = 1250;
				TargetAttributes = {
					936C865526A4DCD4006A9A1A = {
						CreatedOnToolsVersion = 12.5.1;
					};
				};
			};
			buildConfigurationList = 936C865126A4DCD4006A9A1A /* Build configuration list for PBXProject "Ordernise" */;
			compatibilityVersion = "Xcode 9.3";
			developmentRegion = en;
			hasScannedForEncodings = 0;
			knownRegions = (
				en,
				Base,
			);
			mainGroup = 936C864D26A4DCD4006A9A1A;
			packageReferences = (
				936C867126A7714F006A9A1A /* XCRemoteSwiftPackageReference "firebase-ios-sdk" */,
			);
			productRefGroup = 936C865726A4DCD4006A9A1A /* Products */;
			projectDirPath = "";
			projectRoot = "";
			targets = (
				936C865526A4DCD4006A9A1A /* Ordernise */,
			);
		};
/* End PBXProject section */

/* Begin PBXResourcesBuildPhase section */
		936C865426A4DCD4006A9A1A /* Resources */ = {
			isa = PBXResourcesBuildPhase;
			buildActionMask = 2147483647;
			files = (
				936C866626A4DCD5006A9A1A /* LaunchScreen.storyboard in Resources */,
				936C867026A770F5006A9A1A /* GoogleService-Info.plist in Resources */,
				936C866326A4DCD5006A9A1A /* Assets.xcassets in Resources */,
				936C866126A4DCD4006A9A1A /* Main.storyboard in Resources */,
			);
			runOnlyForDeploymentPostprocessing = 0;
		};
/* End PBXResourcesBuildPhase section */

/* Begin PBXSourcesBuildPhase section */
		936C865226A4DCD4006A9A1A /* Sources */ = {
			isa = PBXSourcesBuildPhase;
			buildActionMask = 2147483647;
			files = (
				936C865E26A4DCD4006A9A1A /* ViewController.swift in Sources */,
				936C865A26A4DCD4006A9A1A /* AppDelegate.swift in Sources */,
				936C865C26A4DCD4006A9A1A /* SceneDelegate.swift in Sources */,
			);
			runOnlyForDeploymentPostprocessing = 0;
		};
/* End PBXSourcesBuildPhase section */

/* Begin PBXVariantGroup section */
		936C865F26A4DCD4006A9A1A /* Main.storyboard */ = {
			isa = PBXVariantGroup;
			children = (
				936C866026A4DCD4006A9A1A /* Base */,
			);
			name = Main.storyboard;
			sourceTree = "<group>";
		};
		936C866426A4DCD5006A9A1A /* LaunchScreen.storyboard */ = {
			isa = PBXVariantGroup;
			children = (
				936C866526A4DCD5006A9A1A /* Base */,
			);
			name = LaunchScreen.storyboard;
			sourceTree = "<group>";
		};
/* End PBXVariantGroup section */

/* Begin XCBuildConfiguration section */
		936C866826A4DCD5006A9A1A /* Debug */ = {
			isa = XCBuildConfiguration;
			buildSettings = {
				ALWAYS_SEARCH_USER_PATHS = NO;
				CLANG_ANALYZER_NONNULL = YES;
				CLANG_ANALYZER_NUMBER_OBJECT_CONVERSION = YES_AGGRESSIVE;
				CLANG_CXX_LANGUAGE_STANDARD = "gnu++14";
				CLANG_CXX_LIBRARY = "libc++";
				CLANG_ENABLE_MODULES = YES;
				CLANG_ENABLE_OBJC_ARC = YES;
				CLANG_ENABLE_OBJC_WEAK = YES;
				CLANG_WARN_BLOCK_CAPTURE_AUTORELEASING = YES;
				CLANG_WARN_BOOL_CONVERSION = YES;
				CLANG_WARN_COMMA = YES;
				CLANG_WARN_CONSTANT_CONVERSION = YES;
				CLANG_WARN_DEPRECATED_OBJC_IMPLEMENTATIONS = YES;
				CLANG_WARN_DIRECT_OBJC_ISA_USAGE = YES_ERROR;
				CLANG_WARN_DOCUMENTATION_COMMENTS = YES;
				CLANG_WARN_EMPTY_BODY = YES;
				CLANG_WARN_ENUM_CONVERSION = YES;
				CLANG_WARN_INFINITE_RECURSION = YES;
				CLANG_WARN_INT_CONVERSION = YES;
				CLANG_WARN_NON_LITERAL_NULL_CONVERSION = YES;
				CLANG_WARN_OBJC_IMPLICIT_RETAIN_SELF = YES;
				CLANG_WARN_OBJC_LITERAL_CONVERSION = YES;
				CLANG_WARN_OBJC_ROOT_CLASS = YES_ERROR;
				CLANG_WARN_QUOTED_INCLUDE_IN_FRAMEWORK_HEADER = YES;
				CLANG_WARN_RANGE_LOOP_ANALYSIS = YES;
				CLANG_WARN_STRICT_PROTOTYPES = YES;
				CLANG_WARN_SUSPICIOUS_MOVE = YES;
				CLANG_WARN_UNGUARDED_AVAILABILITY = YES_AGGRESSIVE;
				CLANG_WARN_UNREACHABLE_CODE = YES;
				CLANG_WARN__DUPLICATE_METHOD_MATCH = YES;
				COPY_PHASE_STRIP = NO;
				DEBUG_INFORMATION_FORMAT = dwarf;
				ENABLE_STRICT_OBJC_MSGSEND = YES;
				ENABLE_TESTABILITY = YES;
				GCC_C_LANGUAGE_STANDARD = gnu11;
				GCC_DYNAMIC_NO_PIC = NO;
				GCC_NO_COMMON_BLOCKS = YES;
				GCC_OPTIMIZATION_LEVEL = 0;
				GCC_PREPROCESSOR_DEFINITIONS = (
					"DEBUG=1",
					"$(inherited)",
				);
				GCC_WARN_64_TO_32_BIT_CONVERSION = YES;
				GCC_WARN_ABOUT_RETURN_TYPE = YES_ERROR;
				GCC_WARN_UNDECLARED_SELECTOR = YES;
				GCC_WARN_UNINITIALIZED_AUTOS = YES_AGGRESSIVE;
				GCC_WARN_UNUSED_FUNCTION = YES;
				GCC_WARN_UNUSED_VARIABLE = YES;
				IPHONEOS_DEPLOYMENT_TARGET = 14.5;
				MTL_ENABLE_DEBUG_INFO = INCLUDE_SOURCE;
				MTL_FAST_MATH = YES;
				ONLY_ACTIVE_ARCH = YES;
				SDKROOT = iphoneos;
				SWIFT_ACTIVE_COMPILATION_CONDITIONS = DEBUG;
				SWIFT_OPTIMIZATION_LEVEL = "-Onone";
			};
			name = Debug;
		};
		936C866926A4DCD5006A9A1A /* Release */ = {
			isa = XCBuildConfiguration;
			buildSettings = {
				ALWAYS_SEARCH_USER_PATHS = NO;
				CLANG_ANALYZER_NONNULL = YES;
				CLANG_ANALYZER_NUMBER_OBJECT_CONVERSION = YES_AGGRESSIVE;
				CLANG_CXX_LANGUAGE_STANDARD = "gnu++14";
				CLANG_CXX_LIBRARY = "libc++";
				CLANG_ENABLE_MODULES = YES;
				CLANG_ENABLE_OBJC_ARC = YES;
				CLANG_ENABLE_OBJC_WEAK = YES;
				CLANG_WARN_BLOCK_CAPTURE_AUTORELEASING = YES;
				CLANG_WARN_BOOL_CONVERSION = YES;
				CLANG_WARN_COMMA = YES;
				CLANG_WARN_CONSTANT_CONVERSION = YES;
				CLANG_WARN_DEPRECATED_OBJC_IMPLEMENTATIONS = YES;
				CLANG_WARN_DIRECT_OBJC_ISA_USAGE = YES_ERROR;
				CLANG_WARN_DOCUMENTATION_COMMENTS = YES;
				CLANG_WARN_EMPTY_BODY = YES;
				CLANG_WARN_ENUM_CONVERSION = YES;
				CLANG_WARN_INFINITE_RECURSION = YES;
				CLANG_WARN_INT_CONVERSION = YES;
				CLANG_WARN_NON_LITERAL_NULL_CONVERSION = YES;
				CLANG_WARN_OBJC_IMPLICIT_RETAIN_SELF = YES;
				CLANG_WARN_OBJC_LITERAL_CONVERSION = YES;
				CLANG_WARN_OBJC_ROOT_CLASS = YES_ERROR;
				CLANG_WARN_QUOTED_INCLUDE_IN_FRAMEWORK_HEADER = YES;
				CLANG_WARN_RANGE_LOOP_ANALYSIS = YES;
				CLANG_WARN_STRICT_PROTOTYPES = YES;
				CLANG_WARN_SUSPICIOUS_MOVE = YES;
				CLANG_WARN_UNGUARDED_AVAILABILITY = YES_AGGRESSIVE;
				CLANG_WARN_UNREACHABLE_CODE = YES;
				CLANG_WARN__DUPLICATE_METHOD_MATCH = YES;
				COPY_PHASE_STRIP = NO;
				DEBUG_INFORMATION_FORMAT = "dwarf-with-dsym";
				ENABLE_NS_ASSERTIONS = NO;
				ENABLE_STRICT_OBJC_MSGSEND = YES;
				GCC_C_LANGUAGE_STANDARD = gnu11;
				GCC_NO_COMMON_BLOCKS = YES;
				GCC_WARN_64_TO_32_BIT_CONVERSION = YES;
				GCC_WARN_ABOUT_RETURN_TYPE = YES_ERROR;
				GCC_WARN_UNDECLARED_SELECTOR = YES;
				GCC_WARN_UNINITIALIZED_AUTOS = YES_AGGRESSIVE;
				GCC_WARN_UNUSED_FUNCTION = YES;
				GCC_WARN_UNUSED_VARIABLE = YES;
				IPHONEOS_DEPLOYMENT_TARGET = 14.5;
				MTL_ENABLE_DEBUG_INFO = NO;
				MTL_FAST_MATH = YES;
				SDKROOT = iphoneos;
				SWIFT_COMPILATION_MODE = wholemodule;
				SWIFT_OPTIMIZATION_LEVEL = "-O";
				VALIDATE_PRODUCT = YES;
			};
			name = Release;
		};
		936C866B26A4DCD5006A9A1A /* Debug */ = {
			isa = XCBuildConfiguration;
			buildSettings = {
				ASSETCATALOG_COMPILER_APPICON_NAME = AppIcon;
				ASSETCATALOG_COMPILER_GLOBAL_ACCENT_COLOR_NAME = AccentColor;
				CODE_SIGN_STYLE = Automatic;
				DEVELOPMENT_TEAM = DT7Q5YWA83;
				INFOPLIST_FILE = Ordernise/Info.plist;
				LD_RUNPATH_SEARCH_PATHS = (
					"$(inherited)",
					"@executable_path/Frameworks",
				);
				PRODUCT_BUNDLE_IDENTIFIER = it.flatwhite.Ordernise;
				PRODUCT_NAME = "$(TARGET_NAME)";
				SWIFT_VERSION = 5.0;
				TARGETED_DEVICE_FAMILY = "1,2";
			};
			name = Debug;
		};
		936C866C26A4DCD5006A9A1A /* Release */ = {
			isa = XCBuildConfiguration;
			buildSettings = {
				ASSETCATALOG_COMPILER_APPICON_NAME = AppIcon;
				ASSETCATALOG_COMPILER_GLOBAL_ACCENT_COLOR_NAME = AccentColor;
				CODE_SIGN_STYLE = Automatic;
				DEVELOPMENT_TEAM = DT7Q5YWA83;
				INFOPLIST_FILE = Ordernise/Info.plist;
				LD_RUNPATH_SEARCH_PATHS = (
					"$(inherited)",
					"@executable_path/Frameworks",
				);
				PRODUCT_BUNDLE_IDENTIFIER = it.flatwhite.Ordernise;
				PRODUCT_NAME = "$(TARGET_NAME)";
				SWIFT_VERSION = 5.0;
				TARGETED_DEVICE_FAMILY = "1,2";
			};
			name = Release;
		};
/* End XCBuildConfiguration section */

/* Begin XCConfigurationList section */
		936C865126A4DCD4006A9A1A /* Build configuration list for PBXProject "Ordernise" */ = {
			isa = XCConfigurationList;
			buildConfigurations = (
				936C866826A4DCD5006A9A1A /* Debug */,
				936C866926A4DCD5006A9A1A /* Release */,
			);
			defaultConfigurationIsVisible = 0;
			defaultConfigurationName = Release;
		};
		936C866A26A4DCD5006A9A1A /* Build configuration list for PBXNativeTarget "Ordernise" */ = {
			isa = XCConfigurationList;
			buildConfigurations = (
				936C866B26A4DCD5006A9A1A /* Debug */,
				936C866C26A4DCD5006A9A1A /* Release */,
			);
			defaultConfigurationIsVisible = 0;
			defaultConfigurationName = Release;
		};
/* End XCConfigurationList section */

/* Begin XCRemoteSwiftPackageReference section */
		936C867126A7714F006A9A1A /* XCRemoteSwiftPackageReference "firebase-ios-sdk" */ = {
			isa = XCRemoteSwiftPackageReference;
			repositoryURL = "https://github.com/firebase/firebase-ios-sdk.git";
			requirement = {
				kind = upToNextMajorVersion;
				minimumVersion = 8.3.1;
			};
		};
/* End XCRemoteSwiftPackageReference section */

/* Begin XCSwiftPackageProductDependency section */
		936C867226A7714F006A9A1A /* FirebaseFirestore */ = {
			isa = XCSwiftPackageProductDependency;
			package = 936C867126A7714F006A9A1A /* XCRemoteSwiftPackageReference "firebase-ios-sdk" */;
			productName = FirebaseFirestore;
		};
		936C867426A7714F006A9A1A /* FirebaseDatabase */ = {
			isa = XCSwiftPackageProductDependency;
			package = 936C867126A7714F006A9A1A /* XCRemoteSwiftPackageReference "firebase-ios-sdk" */;
			productName = FirebaseDatabase;
		};
		936C867626A7714F006A9A1A /* FirebaseAppCheck */ = {
			isa = XCSwiftPackageProductDependency;
			package = 936C867126A7714F006A9A1A /* XCRemoteSwiftPackageReference "firebase-ios-sdk" */;
			productName = FirebaseAppCheck;
		};
		936C867826A7714F006A9A1A /* FirebaseAnalytics */ = {
			isa = XCSwiftPackageProductDependency;
			package = 936C867126A7714F006A9A1A /* XCRemoteSwiftPackageReference "firebase-ios-sdk" */;
			productName = FirebaseAnalytics;
		};
		936C867A26A7714F006A9A1A /* FirebaseStorage */ = {
			isa = XCSwiftPackageProductDependency;
			package = 936C867126A7714F006A9A1A /* XCRemoteSwiftPackageReference "firebase-ios-sdk" */;
			productName = FirebaseStorage;
		};
		936C867C26A7714F006A9A1A /* FirebaseCrashlytics */ = {
			isa = XCSwiftPackageProductDependency;
			package = 936C867126A7714F006A9A1A /* XCRemoteSwiftPackageReference "firebase-ios-sdk" */;
			productName = FirebaseCrashlytics;
		};
		936C867E26A7714F006A9A1A /* FirebaseMessaging */ = {
			isa = XCSwiftPackageProductDependency;
			package = 936C867126A7714F006A9A1A /* XCRemoteSwiftPackageReference "firebase-ios-sdk" */;
			productName = FirebaseMessaging;
		};
		936C868026A7714F006A9A1A /* FirebaseAuth */ = {
			isa = XCSwiftPackageProductDependency;
			package = 936C867126A7714F006A9A1A /* XCRemoteSwiftPackageReference "firebase-ios-sdk" */;
			productName = FirebaseAuth;
		};
/* End XCSwiftPackageProductDependency section */
	};
	rootObject = 936C864E26A4DCD4006A9A1A /* Project object */;
}
