// !$*UTF8*$!
{
	archiveVersion = 1;
	classes = {
	};
	objectVersion = 52;
	objects = {

/* Begin PBXBuildFile section */
		930ED9B726ADDF0800F69E9C /* LoginController.swift in Sources */ = {isa = PBXBuildFile; fileRef = 930ED9B626ADDF0800F69E9C /* LoginController.swift */; };
		930ED9B926ADDF4200F69E9C /* RegistrationController.swift in Sources */ = {isa = PBXBuildFile; fileRef = 930ED9B826ADDF4200F69E9C /* RegistrationController.swift */; };
		933271AD26AF35140084166C /* InputValidation.swift in Sources */ = {isa = PBXBuildFile; fileRef = 933271AC26AF35140084166C /* InputValidation.swift */; };
		933271AF26AF4C310084166C /* ResetPasswordController.swift in Sources */ = {isa = PBXBuildFile; fileRef = 933271AE26AF4C310084166C /* ResetPasswordController.swift */; };
		933271B526B0858B0084166C /* FirebaseFirestore in Frameworks */ = {isa = PBXBuildFile; productRef = 933271B426B0858B0084166C /* FirebaseFirestore */; };
		933271B726B0858B0084166C /* FirebaseDatabase in Frameworks */ = {isa = PBXBuildFile; productRef = 933271B626B0858B0084166C /* FirebaseDatabase */; };
		933271B926B0858B0084166C /* FirebaseAnalytics in Frameworks */ = {isa = PBXBuildFile; productRef = 933271B826B0858B0084166C /* FirebaseAnalytics */; };
		933271BB26B0858B0084166C /* FirebaseStorage in Frameworks */ = {isa = PBXBuildFile; productRef = 933271BA26B0858B0084166C /* FirebaseStorage */; };
		933271BD26B0858B0084166C /* FirebaseCrashlytics in Frameworks */ = {isa = PBXBuildFile; productRef = 933271BC26B0858B0084166C /* FirebaseCrashlytics */; };
		933271BF26B0858B0084166C /* FirebaseAuth in Frameworks */ = {isa = PBXBuildFile; productRef = 933271BE26B0858B0084166C /* FirebaseAuth */; };
		933271C126B0858B0084166C /* FirebaseMessaging in Frameworks */ = {isa = PBXBuildFile; productRef = 933271C026B0858B0084166C /* FirebaseMessaging */; };
		933271C326B1D6750084166C /* SettingsController.swift in Sources */ = {isa = PBXBuildFile; fileRef = 933271C226B1D6750084166C /* SettingsController.swift */; };
		933271C626B1E5F00084166C /* ProductsController.swift in Sources */ = {isa = PBXBuildFile; fileRef = 933271C526B1E5F00084166C /* ProductsController.swift */; };
		9338492726B864BC002292E7 /* CompleteAccountController.swift in Sources */ = {isa = PBXBuildFile; fileRef = 9338492626B864BC002292E7 /* CompleteAccountController.swift */; };
		9338492926B9B78A002292E7 /* AccountController.swift in Sources */ = {isa = PBXBuildFile; fileRef = 9338492826B9B78A002292E7 /* AccountController.swift */; };
		9338492C26BC73DF002292E7 /* ShareSheetStrings.swift in Sources */ = {isa = PBXBuildFile; fileRef = 9338492B26BC73DE002292E7 /* ShareSheetStrings.swift */; };
		9338492E26BC9297002292E7 /* Currencies.swift in Sources */ = {isa = PBXBuildFile; fileRef = 9338492D26BC9297002292E7 /* Currencies.swift */; };
		9338493126BDB1EC002292E7 /* CountryPicker in Frameworks */ = {isa = PBXBuildFile; productRef = 9338493026BDB1EC002292E7 /* CountryPicker */; };
		9338493326BDB33E002292E7 /* PickerVC.swift in Sources */ = {isa = PBXBuildFile; fileRef = 9338493226BDB33E002292E7 /* PickerVC.swift */; };
		93384B6626BDB98E002292E7 /* UIDeviceExtension.swift in Sources */ = {isa = PBXBuildFile; fileRef = 93384B6526BDB98E002292E7 /* UIDeviceExtension.swift */; };
		93687EEF26B5CA0700DE0A2E /* Tabman in Frameworks */ = {isa = PBXBuildFile; productRef = 93687EEE26B5CA0700DE0A2E /* Tabman */; };
		93687EF126B5CACD00DE0A2E /* CurrentOrdersController.swift in Sources */ = {isa = PBXBuildFile; fileRef = 93687EF026B5CACD00DE0A2E /* CurrentOrdersController.swift */; };
		93687EF326B5CB0B00DE0A2E /* CompletedOrdersController.swift in Sources */ = {isa = PBXBuildFile; fileRef = 93687EF226B5CB0B00DE0A2E /* CompletedOrdersController.swift */; };
		93687EF926B6BAF700DE0A2E /* HapticGenerator in Frameworks */ = {isa = PBXBuildFile; productRef = 93687EF826B6BAF700DE0A2E /* HapticGenerator */; };
		93687EFC26B71D2600DE0A2E /* TweeTextField in Frameworks */ = {isa = PBXBuildFile; productRef = 93687EFB26B71D2600DE0A2E /* TweeTextField */; };
		93687EFF26B71D7800DE0A2E /* ChangePasswordController.swift in Sources */ = {isa = PBXBuildFile; fileRef = 93687EFE26B71D7800DE0A2E /* ChangePasswordController.swift */; };
		936C865A26A4DCD4006A9A1A /* AppDelegate.swift in Sources */ = {isa = PBXBuildFile; fileRef = 936C865926A4DCD4006A9A1A /* AppDelegate.swift */; };
		936C865C26A4DCD4006A9A1A /* SceneDelegate.swift in Sources */ = {isa = PBXBuildFile; fileRef = 936C865B26A4DCD4006A9A1A /* SceneDelegate.swift */; };
		936C865E26A4DCD4006A9A1A /* OrdersController.swift in Sources */ = {isa = PBXBuildFile; fileRef = 936C865D26A4DCD4006A9A1A /* OrdersController.swift */; };
		936C866126A4DCD4006A9A1A /* Main.storyboard in Resources */ = {isa = PBXBuildFile; fileRef = 936C865F26A4DCD4006A9A1A /* Main.storyboard */; };
		936C866326A4DCD5006A9A1A /* Assets.xcassets in Resources */ = {isa = PBXBuildFile; fileRef = 936C866226A4DCD5006A9A1A /* Assets.xcassets */; };
		936C866626A4DCD5006A9A1A /* LaunchScreen.storyboard in Resources */ = {isa = PBXBuildFile; fileRef = 936C866426A4DCD5006A9A1A /* LaunchScreen.storyboard */; };
		936C867026A770F5006A9A1A /* GoogleService-Info.plist in Resources */ = {isa = PBXBuildFile; fileRef = 936C866F26A770F5006A9A1A /* GoogleService-Info.plist */; };
/* End PBXBuildFile section */

/* Begin PBXFileReference section */
		930ED9B626ADDF0800F69E9C /* LoginController.swift */ = {isa = PBXFileReference; lastKnownFileType = sourcecode.swift; path = LoginController.swift; sourceTree = "<group>"; };
		930ED9B826ADDF4200F69E9C /* RegistrationController.swift */ = {isa = PBXFileReference; lastKnownFileType = sourcecode.swift; path = RegistrationController.swift; sourceTree = "<group>"; };
		933271AC26AF35140084166C /* InputValidation.swift */ = {isa = PBXFileReference; lastKnownFileType = sourcecode.swift; path = InputValidation.swift; sourceTree = "<group>"; };
		933271AE26AF4C310084166C /* ResetPasswordController.swift */ = {isa = PBXFileReference; lastKnownFileType = sourcecode.swift; path = ResetPasswordController.swift; sourceTree = "<group>"; };
		933271B026B07C230084166C /* Ordernise.entitlements */ = {isa = PBXFileReference; lastKnownFileType = text.plist.entitlements; path = Ordernise.entitlements; sourceTree = "<group>"; };
		933271C226B1D6750084166C /* SettingsController.swift */ = {isa = PBXFileReference; lastKnownFileType = sourcecode.swift; path = SettingsController.swift; sourceTree = "<group>"; };
		933271C526B1E5F00084166C /* ProductsController.swift */ = {isa = PBXFileReference; lastKnownFileType = sourcecode.swift; path = ProductsController.swift; sourceTree = "<group>"; };
		9338492626B864BC002292E7 /* CompleteAccountController.swift */ = {isa = PBXFileReference; lastKnownFileType = sourcecode.swift; path = CompleteAccountController.swift; sourceTree = "<group>"; };
		9338492826B9B78A002292E7 /* AccountController.swift */ = {isa = PBXFileReference; lastKnownFileType = sourcecode.swift; path = AccountController.swift; sourceTree = "<group>"; };
		9338492B26BC73DE002292E7 /* ShareSheetStrings.swift */ = {isa = PBXFileReference; lastKnownFileType = sourcecode.swift; path = ShareSheetStrings.swift; sourceTree = "<group>"; };
		9338492D26BC9297002292E7 /* Currencies.swift */ = {isa = PBXFileReference; lastKnownFileType = sourcecode.swift; path = Currencies.swift; sourceTree = "<group>"; };
		9338493226BDB33E002292E7 /* PickerVC.swift */ = {isa = PBXFileReference; lastKnownFileType = sourcecode.swift; path = PickerVC.swift; sourceTree = "<group>"; };
		93384B6526BDB98E002292E7 /* UIDeviceExtension.swift */ = {isa = PBXFileReference; lastKnownFileType = sourcecode.swift; path = UIDeviceExtension.swift; sourceTree = "<group>"; };
		93687EF026B5CACD00DE0A2E /* CurrentOrdersController.swift */ = {isa = PBXFileReference; lastKnownFileType = sourcecode.swift; path = CurrentOrdersController.swift; sourceTree = "<group>"; };
		93687EF226B5CB0B00DE0A2E /* CompletedOrdersController.swift */ = {isa = PBXFileReference; lastKnownFileType = sourcecode.swift; path = CompletedOrdersController.swift; sourceTree = "<group>"; };
		93687EFE26B71D7800DE0A2E /* ChangePasswordController.swift */ = {isa = PBXFileReference; lastKnownFileType = sourcecode.swift; path = ChangePasswordController.swift; sourceTree = "<group>"; };
		936C865626A4DCD4006A9A1A /* Ordernise.app */ = {isa = PBXFileReference; explicitFileType = wrapper.application; includeInIndex = 0; path = Ordernise.app; sourceTree = BUILT_PRODUCTS_DIR; };
		936C865926A4DCD4006A9A1A /* AppDelegate.swift */ = {isa = PBXFileReference; lastKnownFileType = sourcecode.swift; path = AppDelegate.swift; sourceTree = "<group>"; };
		936C865B26A4DCD4006A9A1A /* SceneDelegate.swift */ = {isa = PBXFileReference; lastKnownFileType = sourcecode.swift; path = SceneDelegate.swift; sourceTree = "<group>"; };
		936C865D26A4DCD4006A9A1A /* OrdersController.swift */ = {isa = PBXFileReference; lastKnownFileType = sourcecode.swift; path = OrdersController.swift; sourceTree = "<group>"; };
		936C866026A4DCD4006A9A1A /* Base */ = {isa = PBXFileReference; lastKnownFileType = file.storyboard; name = Base; path = Base.lproj/Main.storyboard; sourceTree = "<group>"; };
		936C866226A4DCD5006A9A1A /* Assets.xcassets */ = {isa = PBXFileReference; lastKnownFileType = folder.assetcatalog; path = Assets.xcassets; sourceTree = "<group>"; };
		936C866526A4DCD5006A9A1A /* Base */ = {isa = PBXFileReference; lastKnownFileType = file.storyboard; name = Base; path = Base.lproj/LaunchScreen.storyboard; sourceTree = "<group>"; };
		936C866726A4DCD5006A9A1A /* Info.plist */ = {isa = PBXFileReference; lastKnownFileType = text.plist.xml; path = Info.plist; sourceTree = "<group>"; };
		936C866F26A770F5006A9A1A /* GoogleService-Info.plist */ = {isa = PBXFileReference; fileEncoding = 4; lastKnownFileType = text.plist.xml; path = "GoogleService-Info.plist"; sourceTree = "<group>"; };
/* End PBXFileReference section */

/* Begin PBXFrameworksBuildPhase section */
		936C865326A4DCD4006A9A1A /* Frameworks */ = {
			isa = PBXFrameworksBuildPhase;
			buildActionMask = 2147483647;
			files = (
				93687EF926B6BAF700DE0A2E /* HapticGenerator in Frameworks */,
				933271B726B0858B0084166C /* FirebaseDatabase in Frameworks */,
				93687EEF26B5CA0700DE0A2E /* Tabman in Frameworks */,
				933271BF26B0858B0084166C /* FirebaseAuth in Frameworks */,
				933271C126B0858B0084166C /* FirebaseMessaging in Frameworks */,
				933271BB26B0858B0084166C /* FirebaseStorage in Frameworks */,
				933271BD26B0858B0084166C /* FirebaseCrashlytics in Frameworks */,
				93687EFC26B71D2600DE0A2E /* TweeTextField in Frameworks */,
				933271B526B0858B0084166C /* FirebaseFirestore in Frameworks */,
				9338493126BDB1EC002292E7 /* CountryPicker in Frameworks */,
				933271B926B0858B0084166C /* FirebaseAnalytics in Frameworks */,
			);
			runOnlyForDeploymentPostprocessing = 0;
		};
/* End PBXFrameworksBuildPhase section */

/* Begin PBXGroup section */
		933271AB26AF34FE0084166C /* Helpers */ = {
			isa = PBXGroup;
			children = (
				933271AC26AF35140084166C /* InputValidation.swift */,
				9338492B26BC73DE002292E7 /* ShareSheetStrings.swift */,
				9338492D26BC9297002292E7 /* Currencies.swift */,
				93384B6526BDB98E002292E7 /* UIDeviceExtension.swift */,
			);
			path = Helpers;
			sourceTree = "<group>";
		};
		933271C426B1D8EC0084166C /* LoginViews */ = {
			isa = PBXGroup;
			children = (
				930ED9B626ADDF0800F69E9C /* LoginController.swift */,
				930ED9B826ADDF4200F69E9C /* RegistrationController.swift */,
				933271AE26AF4C310084166C /* ResetPasswordController.swift */,
				9338492626B864BC002292E7 /* CompleteAccountController.swift */,
			);
			path = LoginViews;
			sourceTree = "<group>";
		};
		93687EFD26B71D3A00DE0A2E /* SettingsViews */ = {
			isa = PBXGroup;
			children = (
				933271C226B1D6750084166C /* SettingsController.swift */,
				93687EFE26B71D7800DE0A2E /* ChangePasswordController.swift */,
				9338492826B9B78A002292E7 /* AccountController.swift */,
			);
			path = SettingsViews;
			sourceTree = "<group>";
		};
		936C864D26A4DCD4006A9A1A = {
			isa = PBXGroup;
			children = (
				936C865826A4DCD4006A9A1A /* Ordernise */,
				936C865726A4DCD4006A9A1A /* Products */,
			);
			sourceTree = "<group>";
		};
		936C865726A4DCD4006A9A1A /* Products */ = {
			isa = PBXGroup;
			children = (
				936C865626A4DCD4006A9A1A /* Ordernise.app */,
			);
			name = Products;
			sourceTree = "<group>";
		};
		936C865826A4DCD4006A9A1A /* Ordernise */ = {
			isa = PBXGroup;
			children = (
				93687EFD26B71D3A00DE0A2E /* SettingsViews */,
				933271C426B1D8EC0084166C /* LoginViews */,
				933271B026B07C230084166C /* Ordernise.entitlements */,
				933271AB26AF34FE0084166C /* Helpers */,
				936C866F26A770F5006A9A1A /* GoogleService-Info.plist */,
				936C865926A4DCD4006A9A1A /* AppDelegate.swift */,
				936C865B26A4DCD4006A9A1A /* SceneDelegate.swift */,
				936C865D26A4DCD4006A9A1A /* OrdersController.swift */,
				936C865F26A4DCD4006A9A1A /* Main.storyboard */,
				936C866226A4DCD5006A9A1A /* Assets.xcassets */,
				936C866426A4DCD5006A9A1A /* LaunchScreen.storyboard */,
				936C866726A4DCD5006A9A1A /* Info.plist */,
				933271C526B1E5F00084166C /* ProductsController.swift */,
				93687EF026B5CACD00DE0A2E /* CurrentOrdersController.swift */,
				93687EF226B5CB0B00DE0A2E /* CompletedOrdersController.swift */,
				9338493226BDB33E002292E7 /* PickerVC.swift */,
			);
			path = Ordernise;
			sourceTree = "<group>";
		};
/* End PBXGroup section */

/* Begin PBXNativeTarget section */
		936C865526A4DCD4006A9A1A /* Ordernise */ = {
			isa = PBXNativeTarget;
			buildConfigurationList = 936C866A26A4DCD5006A9A1A /* Build configuration list for PBXNativeTarget "Ordernise" */;
			buildPhases = (
				936C865226A4DCD4006A9A1A /* Sources */,
				936C865326A4DCD4006A9A1A /* Frameworks */,
				936C865426A4DCD4006A9A1A /* Resources */,
			);
			buildRules = (
			);
			dependencies = (
			);
			name = Ordernise;
			packageProductDependencies = (
				933271B426B0858B0084166C /* FirebaseFirestore */,
				933271B626B0858B0084166C /* FirebaseDatabase */,
				933271B826B0858B0084166C /* FirebaseAnalytics */,
				933271BA26B0858B0084166C /* FirebaseStorage */,
				933271BC26B0858B0084166C /* FirebaseCrashlytics */,
				933271BE26B0858B0084166C /* FirebaseAuth */,
				933271C026B0858B0084166C /* FirebaseMessaging */,
				93687EEE26B5CA0700DE0A2E /* Tabman */,
				93687EF826B6BAF700DE0A2E /* HapticGenerator */,
				93687EFB26B71D2600DE0A2E /* TweeTextField */,
				9338493026BDB1EC002292E7 /* CountryPicker */,
			);
			productName = Ordernise;
			productReference = 936C865626A4DCD4006A9A1A /* Ordernise.app */;
			productType = "com.apple.product-type.application";
		};
/* End PBXNativeTarget section */

/* Begin PBXProject section */
		936C864E26A4DCD4006A9A1A /* Project object */ = {
			isa = PBXProject;
			attributes = {
				LastSwiftUpdateCheck = 1250;
				LastUpgradeCheck = 1250;
				TargetAttributes = {
					936C865526A4DCD4006A9A1A = {
						CreatedOnToolsVersion = 12.5.1;
					};
				};
			};
			buildConfigurationList = 936C865126A4DCD4006A9A1A /* Build configuration list for PBXProject "Ordernise" */;
			compatibilityVersion = "Xcode 9.3";
			developmentRegion = en;
			hasScannedForEncodings = 0;
			knownRegions = (
				en,
				Base,
			);
			mainGroup = 936C864D26A4DCD4006A9A1A;
			packageReferences = (
				933271B326B0858B0084166C /* XCRemoteSwiftPackageReference "firebase-ios-sdk" */,
				93687EED26B5CA0600DE0A2E /* XCRemoteSwiftPackageReference "Tabman" */,
				93687EF726B6BAF700DE0A2E /* XCRemoteSwiftPackageReference "HapticGenerator" */,
				93687EFA26B71D2600DE0A2E /* XCRemoteSwiftPackageReference "TweeTextField" */,
				9338492F26BDB1EB002292E7 /* XCRemoteSwiftPackageReference "CountryPicker" */,
			);
			productRefGroup = 936C865726A4DCD4006A9A1A /* Products */;
			projectDirPath = "";
			projectRoot = "";
			targets = (
				936C865526A4DCD4006A9A1A /* Ordernise */,
			);
		};
/* End PBXProject section */

/* Begin PBXResourcesBuildPhase section */
		936C865426A4DCD4006A9A1A /* Resources */ = {
			isa = PBXResourcesBuildPhase;
			buildActionMask = 2147483647;
			files = (
				936C866626A4DCD5006A9A1A /* LaunchScreen.storyboard in Resources */,
				936C867026A770F5006A9A1A /* GoogleService-Info.plist in Resources */,
				936C866326A4DCD5006A9A1A /* Assets.xcassets in Resources */,
				936C866126A4DCD4006A9A1A /* Main.storyboard in Resources */,
			);
			runOnlyForDeploymentPostprocessing = 0;
		};
/* End PBXResourcesBuildPhase section */

/* Begin PBXSourcesBuildPhase section */
		936C865226A4DCD4006A9A1A /* Sources */ = {
			isa = PBXSourcesBuildPhase;
			buildActionMask = 2147483647;
			files = (
				933271C326B1D6750084166C /* SettingsController.swift in Sources */,
				9338492C26BC73DF002292E7 /* ShareSheetStrings.swift in Sources */,
				93687EF326B5CB0B00DE0A2E /* CompletedOrdersController.swift in Sources */,
				93384B6626BDB98E002292E7 /* UIDeviceExtension.swift in Sources */,
				93687EFF26B71D7800DE0A2E /* ChangePasswordController.swift in Sources */,
				936C865E26A4DCD4006A9A1A /* OrdersController.swift in Sources */,
				933271C626B1E5F00084166C /* ProductsController.swift in Sources */,
				933271AF26AF4C310084166C /* ResetPasswordController.swift in Sources */,
				933271AD26AF35140084166C /* InputValidation.swift in Sources */,
				9338492926B9B78A002292E7 /* AccountController.swift in Sources */,
				930ED9B726ADDF0800F69E9C /* LoginController.swift in Sources */,
				9338493326BDB33E002292E7 /* PickerVC.swift in Sources */,
				936C865A26A4DCD4006A9A1A /* AppDelegate.swift in Sources */,
				930ED9B926ADDF4200F69E9C /* RegistrationController.swift in Sources */,
				93687EF126B5CACD00DE0A2E /* CurrentOrdersController.swift in Sources */,
				9338492726B864BC002292E7 /* CompleteAccountController.swift in Sources */,
				9338492E26BC9297002292E7 /* Currencies.swift in Sources */,
				936C865C26A4DCD4006A9A1A /* SceneDelegate.swift in Sources */,
			);
			runOnlyForDeploymentPostprocessing = 0;
		};
/* End PBXSourcesBuildPhase section */

/* Begin PBXVariantGroup section */
		936C865F26A4DCD4006A9A1A /* Main.storyboard */ = {
			isa = PBXVariantGroup;
			children = (
				936C866026A4DCD4006A9A1A /* Base */,
			);
			name = Main.storyboard;
			sourceTree = "<group>";
		};
		936C866426A4DCD5006A9A1A /* LaunchScreen.storyboard */ = {
			isa = PBXVariantGroup;
			children = (
				936C866526A4DCD5006A9A1A /* Base */,
			);
			name = LaunchScreen.storyboard;
			sourceTree = "<group>";
		};
/* End PBXVariantGroup section */

/* Begin XCBuildConfiguration section */
		936C866826A4DCD5006A9A1A /* Debug */ = {
			isa = XCBuildConfiguration;
			buildSettings = {
				ALWAYS_SEARCH_USER_PATHS = NO;
				CLANG_ANALYZER_NONNULL = YES;
				CLANG_ANALYZER_NUMBER_OBJECT_CONVERSION = YES_AGGRESSIVE;
				CLANG_CXX_LANGUAGE_STANDARD = "gnu++14";
				CLANG_CXX_LIBRARY = "libc++";
				CLANG_ENABLE_MODULES = YES;
				CLANG_ENABLE_OBJC_ARC = YES;
				CLANG_ENABLE_OBJC_WEAK = YES;
				CLANG_WARN_BLOCK_CAPTURE_AUTORELEASING = YES;
				CLANG_WARN_BOOL_CONVERSION = YES;
				CLANG_WARN_COMMA = YES;
				CLANG_WARN_CONSTANT_CONVERSION = YES;
				CLANG_WARN_DEPRECATED_OBJC_IMPLEMENTATIONS = YES;
				CLANG_WARN_DIRECT_OBJC_ISA_USAGE = YES_ERROR;
				CLANG_WARN_DOCUMENTATION_COMMENTS = YES;
				CLANG_WARN_EMPTY_BODY = YES;
				CLANG_WARN_ENUM_CONVERSION = YES;
				CLANG_WARN_INFINITE_RECURSION = YES;
				CLANG_WARN_INT_CONVERSION = YES;
				CLANG_WARN_NON_LITERAL_NULL_CONVERSION = YES;
				CLANG_WARN_OBJC_IMPLICIT_RETAIN_SELF = YES;
				CLANG_WARN_OBJC_LITERAL_CONVERSION = YES;
				CLANG_WARN_OBJC_ROOT_CLASS = YES_ERROR;
				CLANG_WARN_QUOTED_INCLUDE_IN_FRAMEWORK_HEADER = YES;
				CLANG_WARN_RANGE_LOOP_ANALYSIS = YES;
				CLANG_WARN_STRICT_PROTOTYPES = YES;
				CLANG_WARN_SUSPICIOUS_MOVE = YES;
				CLANG_WARN_UNGUARDED_AVAILABILITY = YES_AGGRESSIVE;
				CLANG_WARN_UNREACHABLE_CODE = YES;
				CLANG_WARN__DUPLICATE_METHOD_MATCH = YES;
				COPY_PHASE_STRIP = NO;
				DEBUG_INFORMATION_FORMAT = dwarf;
				ENABLE_STRICT_OBJC_MSGSEND = YES;
				ENABLE_TESTABILITY = YES;
				GCC_C_LANGUAGE_STANDARD = gnu11;
				GCC_DYNAMIC_NO_PIC = NO;
				GCC_NO_COMMON_BLOCKS = YES;
				GCC_OPTIMIZATION_LEVEL = 0;
				GCC_PREPROCESSOR_DEFINITIONS = (
					"DEBUG=1",
					"$(inherited)",
				);
				GCC_WARN_64_TO_32_BIT_CONVERSION = YES;
				GCC_WARN_ABOUT_RETURN_TYPE = YES_ERROR;
				GCC_WARN_UNDECLARED_SELECTOR = YES;
				GCC_WARN_UNINITIALIZED_AUTOS = YES_AGGRESSIVE;
				GCC_WARN_UNUSED_FUNCTION = YES;
				GCC_WARN_UNUSED_VARIABLE = YES;
				IPHONEOS_DEPLOYMENT_TARGET = 14.5;
				MTL_ENABLE_DEBUG_INFO = INCLUDE_SOURCE;
				MTL_FAST_MATH = YES;
				ONLY_ACTIVE_ARCH = YES;
				SDKROOT = iphoneos;
				SWIFT_ACTIVE_COMPILATION_CONDITIONS = DEBUG;
				SWIFT_OPTIMIZATION_LEVEL = "-Onone";
			};
			name = Debug;
		};
		936C866926A4DCD5006A9A1A /* Release */ = {
			isa = XCBuildConfiguration;
			buildSettings = {
				ALWAYS_SEARCH_USER_PATHS = NO;
				CLANG_ANALYZER_NONNULL = YES;
				CLANG_ANALYZER_NUMBER_OBJECT_CONVERSION = YES_AGGRESSIVE;
				CLANG_CXX_LANGUAGE_STANDARD = "gnu++14";
				CLANG_CXX_LIBRARY = "libc++";
				CLANG_ENABLE_MODULES = YES;
				CLANG_ENABLE_OBJC_ARC = YES;
				CLANG_ENABLE_OBJC_WEAK = YES;
				CLANG_WARN_BLOCK_CAPTURE_AUTORELEASING = YES;
				CLANG_WARN_BOOL_CONVERSION = YES;
				CLANG_WARN_COMMA = YES;
				CLANG_WARN_CONSTANT_CONVERSION = YES;
				CLANG_WARN_DEPRECATED_OBJC_IMPLEMENTATIONS = YES;
				CLANG_WARN_DIRECT_OBJC_ISA_USAGE = YES_ERROR;
				CLANG_WARN_DOCUMENTATION_COMMENTS = YES;
				CLANG_WARN_EMPTY_BODY = YES;
				CLANG_WARN_ENUM_CONVERSION = YES;
				CLANG_WARN_INFINITE_RECURSION = YES;
				CLANG_WARN_INT_CONVERSION = YES;
				CLANG_WARN_NON_LITERAL_NULL_CONVERSION = YES;
				CLANG_WARN_OBJC_IMPLICIT_RETAIN_SELF = YES;
				CLANG_WARN_OBJC_LITERAL_CONVERSION = YES;
				CLANG_WARN_OBJC_ROOT_CLASS = YES_ERROR;
				CLANG_WARN_QUOTED_INCLUDE_IN_FRAMEWORK_HEADER = YES;
				CLANG_WARN_RANGE_LOOP_ANALYSIS = YES;
				CLANG_WARN_STRICT_PROTOTYPES = YES;
				CLANG_WARN_SUSPICIOUS_MOVE = YES;
				CLANG_WARN_UNGUARDED_AVAILABILITY = YES_AGGRESSIVE;
				CLANG_WARN_UNREACHABLE_CODE = YES;
				CLANG_WARN__DUPLICATE_METHOD_MATCH = YES;
				COPY_PHASE_STRIP = NO;
				DEBUG_INFORMATION_FORMAT = "dwarf-with-dsym";
				ENABLE_NS_ASSERTIONS = NO;
				ENABLE_STRICT_OBJC_MSGSEND = YES;
				GCC_C_LANGUAGE_STANDARD = gnu11;
				GCC_NO_COMMON_BLOCKS = YES;
				GCC_WARN_64_TO_32_BIT_CONVERSION = YES;
				GCC_WARN_ABOUT_RETURN_TYPE = YES_ERROR;
				GCC_WARN_UNDECLARED_SELECTOR = YES;
				GCC_WARN_UNINITIALIZED_AUTOS = YES_AGGRESSIVE;
				GCC_WARN_UNUSED_FUNCTION = YES;
				GCC_WARN_UNUSED_VARIABLE = YES;
				IPHONEOS_DEPLOYMENT_TARGET = 14.5;
				MTL_ENABLE_DEBUG_INFO = NO;
				MTL_FAST_MATH = YES;
				SDKROOT = iphoneos;
				SWIFT_COMPILATION_MODE = wholemodule;
				SWIFT_OPTIMIZATION_LEVEL = "-O";
				VALIDATE_PRODUCT = YES;
			};
			name = Release;
		};
		936C866B26A4DCD5006A9A1A /* Debug */ = {
			isa = XCBuildConfiguration;
			buildSettings = {
				ASSETCATALOG_COMPILER_APPICON_NAME = AppIcon;
				ASSETCATALOG_COMPILER_GLOBAL_ACCENT_COLOR_NAME = AccentColor;
				CODE_SIGN_ENTITLEMENTS = Ordernise/Ordernise.entitlements;
				CODE_SIGN_STYLE = Automatic;
				DEVELOPMENT_TEAM = DT7Q5YWA83;
				INFOPLIST_FILE = Ordernise/Info.plist;
				LD_RUNPATH_SEARCH_PATHS = (
					"$(inherited)",
					"@executable_path/Frameworks",
				);
				PRODUCT_BUNDLE_IDENTIFIER = it.flatwhite.ordernise;
				PRODUCT_NAME = "$(TARGET_NAME)";
				SWIFT_VERSION = 5.0;
				TARGETED_DEVICE_FAMILY = 1;
			};
			name = Debug;
		};
		936C866C26A4DCD5006A9A1A /* Release */ = {
			isa = XCBuildConfiguration;
			buildSettings = {
				ASSETCATALOG_COMPILER_APPICON_NAME = AppIcon;
				ASSETCATALOG_COMPILER_GLOBAL_ACCENT_COLOR_NAME = AccentColor;
				CODE_SIGN_ENTITLEMENTS = Ordernise/Ordernise.entitlements;
				CODE_SIGN_STYLE = Automatic;
				DEVELOPMENT_TEAM = DT7Q5YWA83;
				INFOPLIST_FILE = Ordernise/Info.plist;
				LD_RUNPATH_SEARCH_PATHS = (
					"$(inherited)",
					"@executable_path/Frameworks",
				);
				PRODUCT_BUNDLE_IDENTIFIER = it.flatwhite.ordernise;
				PRODUCT_NAME = "$(TARGET_NAME)";
				SWIFT_VERSION = 5.0;
				TARGETED_DEVICE_FAMILY = 1;
			};
			name = Release;
		};
/* End XCBuildConfiguration section */

/* Begin XCConfigurationList section */
		936C865126A4DCD4006A9A1A /* Build configuration list for PBXProject "Ordernise" */ = {
			isa = XCConfigurationList;
			buildConfigurations = (
				936C866826A4DCD5006A9A1A /* Debug */,
				936C866926A4DCD5006A9A1A /* Release */,
			);
			defaultConfigurationIsVisible = 0;
			defaultConfigurationName = Release;
		};
		936C866A26A4DCD5006A9A1A /* Build configuration list for PBXNativeTarget "Ordernise" */ = {
			isa = XCConfigurationList;
			buildConfigurations = (
				936C866B26A4DCD5006A9A1A /* Debug */,
				936C866C26A4DCD5006A9A1A /* Release */,
			);
			defaultConfigurationIsVisible = 0;
			defaultConfigurationName = Release;
		};
/* End XCConfigurationList section */

/* Begin XCRemoteSwiftPackageReference section */
		933271B326B0858B0084166C /* XCRemoteSwiftPackageReference "firebase-ios-sdk" */ = {
			isa = XCRemoteSwiftPackageReference;
			repositoryURL = "https://github.com/firebase/firebase-ios-sdk.git";
			requirement = {
				kind = upToNextMajorVersion;
				minimumVersion = 8.4.0;
			};
		};
		9338492F26BDB1EB002292E7 /* XCRemoteSwiftPackageReference "CountryPicker" */ = {
			isa = XCRemoteSwiftPackageReference;
			repositoryURL = "https://github.com/SURYAKANTSHARMA/CountryPicker";
			requirement = {
				kind = upToNextMajorVersion;
				minimumVersion = 1.3.2;
			};
		};
		93687EED26B5CA0600DE0A2E /* XCRemoteSwiftPackageReference "Tabman" */ = {
			isa = XCRemoteSwiftPackageReference;
			repositoryURL = "https://github.com/uias/Tabman";
			requirement = {
				kind = upToNextMajorVersion;
				minimumVersion = 2.11.1;
			};
		};
		93687EF726B6BAF700DE0A2E /* XCRemoteSwiftPackageReference "HapticGenerator" */ = {
			isa = XCRemoteSwiftPackageReference;
			repositoryURL = "https://github.com/KaneCheshire/HapticGenerator";
			requirement = {
				kind = upToNextMajorVersion;
				minimumVersion = 4.1.1;
			};
		};
		93687EFA26B71D2600DE0A2E /* XCRemoteSwiftPackageReference "TweeTextField" */ = {
			isa = XCRemoteSwiftPackageReference;
			repositoryURL = "https://github.com/oleghnidets/TweeTextField";
			requirement = {
				kind = upToNextMajorVersion;
				minimumVersion = 1.6.3;
			};
		};
/* End XCRemoteSwiftPackageReference section */

/* Begin XCSwiftPackageProductDependency section */
		933271B426B0858B0084166C /* FirebaseFirestore */ = {
			isa = XCSwiftPackageProductDependency;
			package = 933271B326B0858B0084166C /* XCRemoteSwiftPackageReference "firebase-ios-sdk" */;
			productName = FirebaseFirestore;
		};
		933271B626B0858B0084166C /* FirebaseDatabase */ = {
			isa = XCSwiftPackageProductDependency;
			package = 933271B326B0858B0084166C /* XCRemoteSwiftPackageReference "firebase-ios-sdk" */;
			productName = FirebaseDatabase;
		};
		933271B826B0858B0084166C /* FirebaseAnalytics */ = {
			isa = XCSwiftPackageProductDependency;
			package = 933271B326B0858B0084166C /* XCRemoteSwiftPackageReference "firebase-ios-sdk" */;
			productName = FirebaseAnalytics;
		};
		933271BA26B0858B0084166C /* FirebaseStorage */ = {
			isa = XCSwiftPackageProductDependency;
			package = 933271B326B0858B0084166C /* XCRemoteSwiftPackageReference "firebase-ios-sdk" */;
			productName = FirebaseStorage;
		};
		933271BC26B0858B0084166C /* FirebaseCrashlytics */ = {
			isa = XCSwiftPackageProductDependency;
			package = 933271B326B0858B0084166C /* XCRemoteSwiftPackageReference "firebase-ios-sdk" */;
			productName = FirebaseCrashlytics;
		};
		933271BE26B0858B0084166C /* FirebaseAuth */ = {
			isa = XCSwiftPackageProductDependency;
			package = 933271B326B0858B0084166C /* XCRemoteSwiftPackageReference "firebase-ios-sdk" */;
			productName = FirebaseAuth;
		};
		933271C026B0858B0084166C /* FirebaseMessaging */ = {
			isa = XCSwiftPackageProductDependency;
			package = 933271B326B0858B0084166C /* XCRemoteSwiftPackageReference "firebase-ios-sdk" */;
			productName = FirebaseMessaging;
		};
		9338493026BDB1EC002292E7 /* CountryPicker */ = {
			isa = XCSwiftPackageProductDependency;
			package = 9338492F26BDB1EB002292E7 /* XCRemoteSwiftPackageReference "CountryPicker" */;
			productName = CountryPicker;
		};
		93687EEE26B5CA0700DE0A2E /* Tabman */ = {
			isa = XCSwiftPackageProductDependency;
			package = 93687EED26B5CA0600DE0A2E /* XCRemoteSwiftPackageReference "Tabman" */;
			productName = Tabman;
		};
		93687EF826B6BAF700DE0A2E /* HapticGenerator */ = {
			isa = XCSwiftPackageProductDependency;
			package = 93687EF726B6BAF700DE0A2E /* XCRemoteSwiftPackageReference "HapticGenerator" */;
			productName = HapticGenerator;
		};
		93687EFB26B71D2600DE0A2E /* TweeTextField */ = {
			isa = XCSwiftPackageProductDependency;
			package = 93687EFA26B71D2600DE0A2E /* XCRemoteSwiftPackageReference "TweeTextField" */;
			productName = TweeTextField;
		};
/* End XCSwiftPackageProductDependency section */
	};
	rootObject = 936C864E26A4DCD4006A9A1A /* Project object */;
}
